
Microsoft Visual Studio Solution File, Format Version 12.00
# Visual Studio Version 17
VisualStudioVersion = 17.6.33829.357
MinimumVisualStudioVersion = 10.0.40219.1
Project("{FAE04EC0-301F-11D3-BF4B-00C04F79EFBC}") = "BankAccountAppWithState", "BankAccountAppWithState.csproj", "{21B23BAE-D8FD-43FC-9844-681E13F58E91}"
EndProject
Global
	GlobalSection(SolutionConfigurationPlatforms) = preSolution
		Debug|Any CPU = Debug|Any CPU
		Release|Any CPU = Release|Any CPU
	EndGlobalSection
	GlobalSection(ProjectConfigurationPlatforms) = postSolution
		{21B23BAE-D8FD-43FC-9844-681E13F58E91}.Debug|Any CPU.ActiveCfg = Debug|Any CPU
		{21B23BAE-D8FD-43FC-9844-681E13F58E91}.Debug|Any CPU.Build.0 = Debug|Any CPU
		{21B23BAE-D8FD-43FC-9844-681E13F58E91}.Release|Any CPU.ActiveCfg = Release|Any CPU
		{21B23BAE-D8FD-43FC-9844-681E13F58E91}.Release|Any CPU.Build.0 = Release|Any CPU
	EndGlobalSection
	GlobalSection(SolutionProperties) = preSolution
		HideSolutionNode = FALSE
	EndGlobalSection
	GlobalSection(ExtensibilityGlobals) = postSolution
		SolutionGuid = {64C22CB6-1F3C-4758-BF4C-B627999575C0}
	EndGlobalSection
EndGlobal
